<?xml version="1.0" encoding="UTF-8" standalone="yes" ?>
<CodeBlocks_project_file>
	<FileVersion major="1" minor="6" />
	<Project>
		<Option title="Farm" />
		<Option pch_mode="2" />
		<Option compiler="gcc" />
		<Build>
			<Target title="Debug">
				<Option output="bin/Debug/Farm" prefix_auto="1" extension_auto="1" />
				<Option object_output="obj/Debug/" />
				<Option type="1" />
				<Option compiler="gcc" />
				<Compiler>
					<Add option="-g" />
				</Compiler>
			</Target>
			<Target title="Release">
				<Option output="bin/Release/Farm" prefix_auto="1" extension_auto="1" />
				<Option object_output="obj/Release/" />
				<Option type="1" />
				<Option compiler="gcc" />
				<Compiler>
					<Add option="-O2" />
				</Compiler>
				<Linker>
					<Add option="-s" />
				</Linker>
			</Target>
		</Build>
		<Compiler>
			<Add option="-Wall" />
			<Add option="-fexceptions" />
		</Compiler>
		<Unit filename="Animal.cpp" />
		<Unit filename="Animal.h" />
		<Unit filename="Chicken.cpp" />
		<Unit filename="Chicken.h" />
		<Unit filename="Cow.cpp" />
		<Unit filename="Cow.h" />
		<Unit filename="Farm.cpp" />
		<Unit filename="Farm.h" />
		<Unit filename="Farm.layout" />
		<Unit filename="Pig.cpp" />
		<Unit filename="Pig.h" />
		<Unit filename="Point2D.cpp" />
		<Unit filename="Point2D.h" />
		<Unit filename="Sheep.cpp" />
		<Unit filename="Sheep.h" />
		<Unit filename="main.cpp" />
		<Extensions>
			<lib_finder disable_auto="1" />
		</Extensions>
	</Project>
</CodeBlocks_project_file>
